{
  "projects": [
    {
      "projectId": "56iVbBJXbx9hFxysoAGHJC",
      "version": "6.0.0",
      "dependencies": {},
      "lang": "ts",
      "fileLocks": [
        {
          "type": "globalVariant",
          "assetId": "3gYPL5462NR",
          "checksum": "07463845fbc914bd539f4088ca228531"
        },
        {
          "assetId": "56iVbBJXbx9hFxysoAGHJC",
          "type": "projectCss",
          "checksum": "5da36083b4cbf8c7a92af880dfc38552"
        },
        {
          "type": "renderModule",
          "assetId": "26vIhJdZCw",
          "checksum": "ed46bec66d9fd3533eeb54eec14949c0"
        },
        {
          "type": "cssRules",
          "assetId": "26vIhJdZCw",
          "checksum": "ed46bec66d9fd3533eeb54eec14949c0"
        },
        {
          "type": "renderModule",
          "assetId": "3IRnWGuOAs",
          "checksum": "d9f71ec2a9c8c681ac52db9b9c59a602"
        },
        {
          "type": "cssRules",
          "assetId": "3IRnWGuOAs",
          "checksum": "d9f71ec2a9c8c681ac52db9b9c59a602"
        },
        {
          "type": "renderModule",
          "assetId": "6TArvj3yYs",
          "checksum": "10b1b7ba148751085b9ddc080c747c0a"
        },
        {
          "type": "cssRules",
          "assetId": "6TArvj3yYs",
          "checksum": "10b1b7ba148751085b9ddc080c747c0a"
        },
        {
          "type": "renderModule",
          "assetId": "Uq99Kf9mfa",
          "checksum": "cb9ca20960445b3846af16ecbfb6db1e"
        },
        {
          "type": "cssRules",
          "assetId": "Uq99Kf9mfa",
          "checksum": "cb9ca20960445b3846af16ecbfb6db1e"
        },
        {
          "type": "renderModule",
          "assetId": "Q1TXM3JsHL",
          "checksum": "fbb389b03513618311737fe357878579"
        },
        {
          "type": "cssRules",
          "assetId": "Q1TXM3JsHL",
          "checksum": "fbb389b03513618311737fe357878579"
        },
        {
          "type": "renderModule",
          "assetId": "ZfQe4ypcc6N",
          "checksum": "a38a3d35e3dbf17bb5ba636fa6e0ff28"
        },
        {
          "type": "cssRules",
          "assetId": "ZfQe4ypcc6N",
          "checksum": "a38a3d35e3dbf17bb5ba636fa6e0ff28"
        },
        {
          "type": "renderModule",
          "assetId": "AGUaLB6xXF",
          "checksum": "eaf61165111650cb37511eea040af893"
        },
        {
          "type": "cssRules",
          "assetId": "AGUaLB6xXF",
          "checksum": "eaf61165111650cb37511eea040af893"
        },
        {
          "type": "renderModule",
          "assetId": "2c2FAccr5Q",
          "checksum": "0bd7ecfe8d6c70a722de53aedd29f73c"
        },
        {
          "type": "cssRules",
          "assetId": "2c2FAccr5Q",
          "checksum": "0bd7ecfe8d6c70a722de53aedd29f73c"
        },
        {
          "type": "icon",
          "assetId": "btPbpbtq_fD",
          "checksum": "544ee6fa1577898d4c0631bab3a1b6f6"
        },
        {
          "type": "icon",
          "assetId": "rXYioR25rH4",
          "checksum": "028cd72b6d79745ba7bccc88e71a7ada"
        },
        {
          "type": "icon",
          "assetId": "HoLX7r81r-g",
          "checksum": "484935113e2b21c52813f94a3e2eb38e"
        },
        {
          "type": "icon",
          "assetId": "Q0erK-vbJ83",
          "checksum": "91e67de3366867f8eb086971666266ea"
        },
        {
          "type": "icon",
          "assetId": "63A0d0OKy-PQ",
          "checksum": "d22b6cd9910393c06e24ce28a84287cd"
        },
        {
          "type": "icon",
          "assetId": "YTNWpLRiZ2vf",
          "checksum": "32fa68e1aab96fc5602bc610304f8f2e"
        },
        {
          "type": "icon",
          "assetId": "vrWNpPICoZw-",
          "checksum": "d68a62085072d21fc29f117500dbbef5"
        },
        {
          "type": "icon",
          "assetId": "y_gTD_6xRnY9",
          "checksum": "86e0441a736b3ea49e2171b7238bf202"
        },
        {
          "type": "icon",
          "assetId": "jCGlmfXawbxn",
          "checksum": "68a4a0b257fb623e2b2b6a1c2f30cc47"
        },
        {
          "type": "icon",
          "assetId": "2cGFD-D9vqCF",
          "checksum": "88bc9b8887984754bd1932bdebbdecf1"
        },
        {
          "type": "icon",
          "assetId": "LV55gg6noKH",
          "checksum": "9e55f706f3f2d1cbf9b940f5dc64379c"
        },
        {
          "type": "icon",
          "assetId": "vY68KD167J",
          "checksum": "4b914365069044197de7c5d0bb4b5928"
        },
        {
          "type": "image",
          "assetId": "2H6mj_EBXm",
          "checksum": "b3bd4630be9d02f1376f63c819cd41de"
        },
        {
          "type": "image",
          "assetId": "uN9sE5YUUS",
          "checksum": "71104f4f9402848d9d9bf3f798c37984"
        },
        {
          "type": "image",
          "assetId": "qQe2Wr5rX",
          "checksum": "8174c1a02fbf16e9dee4185c59e5e242"
        },
        {
          "type": "image",
          "assetId": "r2Ca5EV03c",
          "checksum": "a8a111cbf4d8cf313c0bd6c6ca478b93"
        },
        {
          "type": "image",
          "assetId": "6FVr6XGwvX",
          "checksum": "9343e992c531c9529b2111df98c0b26f"
        },
        {
          "type": "image",
          "assetId": "7y--FFV5R",
          "checksum": "b55ee1e9c1e52394a1457afb2ca4aa46"
        },
        {
          "type": "image",
          "assetId": "SWV87OCug",
          "checksum": "f9ac839055cda1b2dbf446e9a16ca714"
        },
        {
          "type": "image",
          "assetId": "cShZdxfhG",
          "checksum": "fc7cd9dc9857abdbe6b51b5e7ed2c8c5"
        },
        {
          "type": "image",
          "assetId": "mBWCa-VBQ",
          "checksum": "2e06dfe838a05c2f07349265fc636915"
        },
        {
          "type": "image",
          "assetId": "4vwwpjTwH",
          "checksum": "2b183804d50ba4d2ef07f89071660068"
        },
        {
          "type": "image",
          "assetId": "aaMMKVHul",
          "checksum": "b29befd44ba5604d93d7655a05dbc9ff"
        },
        {
          "type": "image",
          "assetId": "WBhnkSL6D",
          "checksum": "e62e99542dea973ab14e80216d8e5fde"
        },
        {
          "type": "image",
          "assetId": "k8HC5yXAa",
          "checksum": "419128fd0b5f97254cac62f61576bf87"
        },
        {
          "type": "image",
          "assetId": "bjpsmzl3a",
          "checksum": "35989feae38d2e801b894d469b364e94"
        }
      ],
      "codegenVersion": "0.0.1"
    },
    {
      "projectId": "58GpZjZCWTaJ8AUhpCwt2K",
      "version": "2.1.1",
      "dependencies": {},
      "lang": "ts",
      "fileLocks": [
        {
          "assetId": "58GpZjZCWTaJ8AUhpCwt2K",
          "type": "projectCss",
          "checksum": "7cc5faaaf0a95a273a1ed022a8f02ab3"
        }
      ],
      "codegenVersion": "0.0.1"
    },
    {
      "projectId": "enk3K4vZ6pmH6kVCoZJXGn",
      "version": "3.0.2",
      "dependencies": {},
      "lang": "ts",
      "fileLocks": [
        {
          "assetId": "enk3K4vZ6pmH6kVCoZJXGn",
          "type": "projectCss",
          "checksum": "066610a932de1d2d8cc261f7778c9ff3"
        }
      ],
      "codegenVersion": "0.0.1"
    },
    {
      "projectId": "caTPwKxj5ZrD9LQ7DMdK4Z",
      "version": "2.2.1",
      "dependencies": {},
      "lang": "ts",
      "fileLocks": [
        {
          "type": "globalVariant",
          "assetId": "q2e6W8ulGYz",
          "checksum": "c0cddb7dd09c65236628d522d52af1a3"
        },
        {
          "assetId": "caTPwKxj5ZrD9LQ7DMdK4Z",
          "type": "projectCss",
          "checksum": "d6a43863a84e3fba8cecc0da82756ed7"
        }
      ],
      "codegenVersion": "0.0.1"
    },
    {
      "projectId": "seaQhLVS4bbjiGvJJrRwyL",
      "version": "15.0.3",
      "dependencies": {},
      "lang": "ts",
      "fileLocks": [
        {
          "assetId": "seaQhLVS4bbjiGvJJrRwyL",
          "type": "projectCss",
          "checksum": "9345b883752a1b7fa88c203f6bc63740"
        }
      ],
      "codegenVersion": "0.0.1"
    },
    {
      "projectId": "qDNA17RfdgsM73kkELPPxa",
      "version": "latest",
      "dependencies": {
        "seaQhLVS4bbjiGvJJrRwyL": "15.0.3",
        "caTPwKxj5ZrD9LQ7DMdK4Z": "2.2.1",
        "enk3K4vZ6pmH6kVCoZJXGn": "3.0.2",
        "58GpZjZCWTaJ8AUhpCwt2K": "2.1.1",
        "56iVbBJXbx9hFxysoAGHJC": "6.0.0"
      },
      "lang": "ts",
      "fileLocks": [
        {
          "type": "globalVariant",
          "assetId": "3KhhFf1CQ1QFOS",
          "checksum": "ed3602cc3d0e2b1526b6529a2d94f5db"
        },
        {
          "type": "renderModule",
          "assetId": "PGLmNK8F9ob8KH",
          "checksum": "36ab071b8f28df6e383410bfaa052cb3"
        },
        {
          "type": "cssRules",
          "assetId": "PGLmNK8F9ob8KH",
          "checksum": "36ab071b8f28df6e383410bfaa052cb3"
        },
        {
          "type": "renderModule",
          "assetId": "gCP9N_nn5MCbJS",
          "checksum": "927eb462fb38d47101498314039078d7"
        },
        {
          "type": "cssRules",
          "assetId": "gCP9N_nn5MCbJS",
          "checksum": "927eb462fb38d47101498314039078d7"
        },
        {
          "type": "renderModule",
          "assetId": "48OR7NBtqAcun7",
          "checksum": "98b13642a50d84036c044ea237ba0ac5"
        },
        {
          "type": "cssRules",
          "assetId": "48OR7NBtqAcun7",
          "checksum": "98b13642a50d84036c044ea237ba0ac5"
        },
        {
          "type": "renderModule",
          "assetId": "8J_TITQjji4-M9",
          "checksum": "d3ab58c9e9a0381e6eb77b848076806e"
        },
        {
          "type": "cssRules",
          "assetId": "8J_TITQjji4-M9",
          "checksum": "d3ab58c9e9a0381e6eb77b848076806e"
        },
        {
          "type": "renderModule",
          "assetId": "1VSJl1M4qMed7Q",
          "checksum": "1224993757164b5d244384929cba3ba2"
        },
        {
          "type": "cssRules",
          "assetId": "1VSJl1M4qMed7Q",
          "checksum": "1224993757164b5d244384929cba3ba2"
        },
        {
          "type": "renderModule",
          "assetId": "kB0nxxEQSAGjiC",
          "checksum": "516be5e735a13e4fadff317d0783f991"
        },
        {
          "type": "cssRules",
          "assetId": "kB0nxxEQSAGjiC",
          "checksum": "516be5e735a13e4fadff317d0783f991"
        },
        {
          "type": "renderModule",
          "assetId": "IC0peUQeOrc-TC",
          "checksum": "2c6e6a0f5557e096718003e128b6bd7c"
        },
        {
          "type": "cssRules",
          "assetId": "IC0peUQeOrc-TC",
          "checksum": "2c6e6a0f5557e096718003e128b6bd7c"
        },
        {
          "type": "renderModule",
          "assetId": "h8iasHjPSdhGL5",
          "checksum": "0c9d6e1009dc50df0c5e27b6756bfb98"
        },
        {
          "type": "cssRules",
          "assetId": "h8iasHjPSdhGL5",
          "checksum": "0c9d6e1009dc50df0c5e27b6756bfb98"
        },
        {
          "type": "renderModule",
          "assetId": "polj06cVBtzpxl",
          "checksum": "7d20d197c582bbcda80d7da21cad01cc"
        },
        {
          "type": "cssRules",
          "assetId": "polj06cVBtzpxl",
          "checksum": "7d20d197c582bbcda80d7da21cad01cc"
        },
        {
          "type": "renderModule",
          "assetId": "s3E0QheUTMLIRg",
          "checksum": "d3370e3b556c48e54c0608532fa4fe46"
        },
        {
          "type": "cssRules",
          "assetId": "s3E0QheUTMLIRg",
          "checksum": "d3370e3b556c48e54c0608532fa4fe46"
        },
        {
          "type": "renderModule",
          "assetId": "7I48dDLBiI4vYE",
          "checksum": "d56568cc586638e762aa886838317466"
        },
        {
          "type": "cssRules",
          "assetId": "7I48dDLBiI4vYE",
          "checksum": "d56568cc586638e762aa886838317466"
        },
        {
          "type": "renderModule",
          "assetId": "AuERE4DOLn",
          "checksum": "0292089a3f805856312e5b0c904d05fb"
        },
        {
          "type": "cssRules",
          "assetId": "AuERE4DOLn",
          "checksum": "0292089a3f805856312e5b0c904d05fb"
        },
        {
          "type": "icon",
          "assetId": "fXUwwdElPSPysi",
          "checksum": "908c9e0733d9664d7b91c260cc97bf95"
        },
        {
          "type": "icon",
          "assetId": "kNW2Ty5JNJfXSU",
          "checksum": "034780fa29813c3dcc20dff215d6406a"
        },
        {
          "type": "icon",
          "assetId": "FfSoXEgUCW0G_l",
          "checksum": "b55b675ce702d807474452a311f0e65f"
        },
        {
          "type": "icon",
          "assetId": "1suhOo6OaWXJAK",
          "checksum": "ec56339bc3fe8085cff0e6be04d12be4"
        },
        {
          "type": "icon",
          "assetId": "r_TPt86vHV4SXb",
          "checksum": "f17d0617df9ecc3d24d35400e791cda4"
        },
        {
          "type": "icon",
          "assetId": "GzyI_M5ipReRTC",
          "checksum": "df717f72d78bd6a2456cabc1627bfcb3"
        },
        {
          "type": "icon",
          "assetId": "MsE1fZcL1_",
          "checksum": "c78c090ae0f9364894c72e3c932c13ef"
        },
        {
          "type": "icon",
          "assetId": "JfzJrHKPBw",
          "checksum": "13e48d4c26555974e8501d548a295711"
        },
        {
          "type": "icon",
          "assetId": "MLDQSm8Gny",
          "checksum": "a20a623a49c6144d351da33bf59a0b12"
        },
        {
          "type": "icon",
          "assetId": "V02xllXpr",
          "checksum": "97b0b3a7d18be4c8adcfdac68b99c913"
        },
        {
          "type": "icon",
          "assetId": "J1YAUdPI6",
          "checksum": "c17a9d13b6c2e2695adc75db4632d1e9"
        },
        {
          "type": "icon",
          "assetId": "3iSPR8gr_8",
          "checksum": "d24d6f2bf93f2e73a8e59f41fe26caae"
        },
        {
          "type": "icon",
          "assetId": "VcNk7skQWd",
          "checksum": "d785f376d1b72ea7a4744c358a546401"
        },
        {
          "type": "icon",
          "assetId": "xchrs1LLb",
          "checksum": "52f11800448d598d4c66d6d3f3751a2c"
        },
        {
          "type": "image",
          "assetId": "9z5DNRkiT",
          "checksum": "034a8c9d75c74d5fab7e9189ca62a6b5"
        },
        {
          "type": "renderModule",
          "assetId": "1s7g74uB-Ej",
          "checksum": "955d3beb1e82e63507d0f4117476e35e"
        },
        {
          "type": "cssRules",
          "assetId": "1s7g74uB-Ej",
          "checksum": "955d3beb1e82e63507d0f4117476e35e"
        },
        {
          "assetId": "qDNA17RfdgsM73kkELPPxa",
          "type": "projectCss",
          "checksum": "d8e6a52d8b1cdcc6c3d3611809c68c7e"
        }
      ],
      "codegenVersion": "0.0.1"
    }
  ],
  "cliVersion": "0.1.174"
}
