{
  "projects": [
    {
      "projectId": "szjgMQpPpxhmkjnaBvZQJG",
      "version": "2.3.0",
      "dependencies": {},
      "lang": "ts",
      "fileLocks": [
        {
          "assetId": "szjgMQpPpxhmkjnaBvZQJG",
          "type": "projectCss",
          "checksum": "000795ced3ec890b513c15012c4f6aa4"
        }
      ],
      "codegenVersion": "0.0.1"
    },
    {
      "projectId": "28Ba3BDvRe7EiWdfFNnLB6",
      "version": "2.6.0",
      "dependencies": {},
      "lang": "ts",
      "fileLocks": [
        {
          "assetId": "28Ba3BDvRe7EiWdfFNnLB6",
          "type": "projectCss",
          "checksum": "4555def2e0f7a23aa0c5dc1df553855f"
        }
      ],
      "codegenVersion": "0.0.1"
    },
    {
      "projectId": "56iVbBJXbx9hFxysoAGHJC",
      "version": "6.0.0",
      "dependencies": {},
      "lang": "ts",
      "fileLocks": [
        {
          "type": "globalVariant",
          "assetId": "3gYPL5462NR",
          "checksum": "3aa56ffcbc14248cb7ec026382a1539c"
        },
        {
          "type": "renderModule",
          "assetId": "26vIhJdZCw",
          "checksum": "aa3814b3363e3ff7e57aabde823cda85"
        },
        {
          "type": "cssRules",
          "assetId": "26vIhJdZCw",
          "checksum": "aa3814b3363e3ff7e57aabde823cda85"
        },
        {
          "type": "renderModule",
          "assetId": "3IRnWGuOAs",
          "checksum": "61a1f99abec96e460acc78f5f6a24958"
        },
        {
          "type": "cssRules",
          "assetId": "3IRnWGuOAs",
          "checksum": "61a1f99abec96e460acc78f5f6a24958"
        },
        {
          "type": "renderModule",
          "assetId": "6TArvj3yYs",
          "checksum": "dd87ab42315cff343e7fc92f34d0b618"
        },
        {
          "type": "cssRules",
          "assetId": "6TArvj3yYs",
          "checksum": "dd87ab42315cff343e7fc92f34d0b618"
        },
        {
          "type": "renderModule",
          "assetId": "Uq99Kf9mfa",
          "checksum": "d72515a9950668dc453e04d3f359221e"
        },
        {
          "type": "cssRules",
          "assetId": "Uq99Kf9mfa",
          "checksum": "d72515a9950668dc453e04d3f359221e"
        },
        {
          "type": "renderModule",
          "assetId": "Q1TXM3JsHL",
          "checksum": "a9eda0b82ba2a41c1313266dff58b2b8"
        },
        {
          "type": "cssRules",
          "assetId": "Q1TXM3JsHL",
          "checksum": "a9eda0b82ba2a41c1313266dff58b2b8"
        },
        {
          "type": "renderModule",
          "assetId": "ZfQe4ypcc6N",
          "checksum": "b99d58594a85371dc7377369db7fdb7b"
        },
        {
          "type": "cssRules",
          "assetId": "ZfQe4ypcc6N",
          "checksum": "b99d58594a85371dc7377369db7fdb7b"
        },
        {
          "type": "renderModule",
          "assetId": "AGUaLB6xXF",
          "checksum": "5b2aac84e919144506e20cb87673ced9"
        },
        {
          "type": "cssRules",
          "assetId": "AGUaLB6xXF",
          "checksum": "5b2aac84e919144506e20cb87673ced9"
        },
        {
          "type": "renderModule",
          "assetId": "2c2FAccr5Q",
          "checksum": "a554837851b7fed6017d874c515ffbed"
        },
        {
          "type": "cssRules",
          "assetId": "2c2FAccr5Q",
          "checksum": "a554837851b7fed6017d874c515ffbed"
        },
        {
          "type": "icon",
          "assetId": "btPbpbtq_fD",
          "checksum": "544ee6fa1577898d4c0631bab3a1b6f6"
        },
        {
          "type": "icon",
          "assetId": "rXYioR25rH4",
          "checksum": "028cd72b6d79745ba7bccc88e71a7ada"
        },
        {
          "type": "icon",
          "assetId": "HoLX7r81r-g",
          "checksum": "484935113e2b21c52813f94a3e2eb38e"
        },
        {
          "type": "icon",
          "assetId": "Q0erK-vbJ83",
          "checksum": "91e67de3366867f8eb086971666266ea"
        },
        {
          "type": "icon",
          "assetId": "63A0d0OKy-PQ",
          "checksum": "d22b6cd9910393c06e24ce28a84287cd"
        },
        {
          "type": "icon",
          "assetId": "YTNWpLRiZ2vf",
          "checksum": "32fa68e1aab96fc5602bc610304f8f2e"
        },
        {
          "type": "icon",
          "assetId": "vrWNpPICoZw-",
          "checksum": "d68a62085072d21fc29f117500dbbef5"
        },
        {
          "type": "icon",
          "assetId": "y_gTD_6xRnY9",
          "checksum": "86e0441a736b3ea49e2171b7238bf202"
        },
        {
          "type": "icon",
          "assetId": "jCGlmfXawbxn",
          "checksum": "68a4a0b257fb623e2b2b6a1c2f30cc47"
        },
        {
          "type": "icon",
          "assetId": "2cGFD-D9vqCF",
          "checksum": "88bc9b8887984754bd1932bdebbdecf1"
        },
        {
          "type": "icon",
          "assetId": "LV55gg6noKH",
          "checksum": "9e55f706f3f2d1cbf9b940f5dc64379c"
        },
        {
          "type": "icon",
          "assetId": "vY68KD167J",
          "checksum": "4b914365069044197de7c5d0bb4b5928"
        },
        {
          "type": "image",
          "assetId": "2H6mj_EBXm",
          "checksum": "b3bd4630be9d02f1376f63c819cd41de"
        },
        {
          "type": "image",
          "assetId": "uN9sE5YUUS",
          "checksum": "71104f4f9402848d9d9bf3f798c37984"
        },
        {
          "type": "image",
          "assetId": "qQe2Wr5rX",
          "checksum": "8174c1a02fbf16e9dee4185c59e5e242"
        },
        {
          "type": "image",
          "assetId": "r2Ca5EV03c",
          "checksum": "a8a111cbf4d8cf313c0bd6c6ca478b93"
        },
        {
          "type": "image",
          "assetId": "6FVr6XGwvX",
          "checksum": "9343e992c531c9529b2111df98c0b26f"
        },
        {
          "type": "image",
          "assetId": "7y--FFV5R",
          "checksum": "b55ee1e9c1e52394a1457afb2ca4aa46"
        },
        {
          "type": "image",
          "assetId": "SWV87OCug",
          "checksum": "f9ac839055cda1b2dbf446e9a16ca714"
        },
        {
          "type": "image",
          "assetId": "cShZdxfhG",
          "checksum": "fc7cd9dc9857abdbe6b51b5e7ed2c8c5"
        },
        {
          "type": "image",
          "assetId": "mBWCa-VBQ",
          "checksum": "2e06dfe838a05c2f07349265fc636915"
        },
        {
          "type": "image",
          "assetId": "4vwwpjTwH",
          "checksum": "2b183804d50ba4d2ef07f89071660068"
        },
        {
          "type": "image",
          "assetId": "aaMMKVHul",
          "checksum": "b29befd44ba5604d93d7655a05dbc9ff"
        },
        {
          "type": "image",
          "assetId": "WBhnkSL6D",
          "checksum": "e62e99542dea973ab14e80216d8e5fde"
        },
        {
          "type": "image",
          "assetId": "k8HC5yXAa",
          "checksum": "419128fd0b5f97254cac62f61576bf87"
        },
        {
          "type": "image",
          "assetId": "bjpsmzl3a",
          "checksum": "35989feae38d2e801b894d469b364e94"
        },
        {
          "assetId": "56iVbBJXbx9hFxysoAGHJC",
          "type": "projectCss",
          "checksum": "261213636f11bb7fd05268925093a076"
        }
      ],
      "codegenVersion": "0.0.1"
    },
    {
      "projectId": "58GpZjZCWTaJ8AUhpCwt2K",
      "version": "3.3.0",
      "dependencies": {},
      "lang": "ts",
      "fileLocks": [
        {
          "assetId": "58GpZjZCWTaJ8AUhpCwt2K",
          "type": "projectCss",
          "checksum": "203eab818de16ff03ef7f22934a9c9f1"
        }
      ],
      "codegenVersion": "0.0.1"
    },
    {
      "projectId": "enk3K4vZ6pmH6kVCoZJXGn",
      "version": "4.3.0",
      "dependencies": {},
      "lang": "ts",
      "fileLocks": [
        {
          "assetId": "enk3K4vZ6pmH6kVCoZJXGn",
          "type": "projectCss",
          "checksum": "d1f75498bd54dd0b6999708e1917194a"
        }
      ],
      "codegenVersion": "0.0.1"
    },
    {
      "projectId": "caTPwKxj5ZrD9LQ7DMdK4Z",
      "version": "3.4.0",
      "dependencies": {},
      "lang": "ts",
      "fileLocks": [
        {
          "assetId": "caTPwKxj5ZrD9LQ7DMdK4Z",
          "type": "projectCss",
          "checksum": "ab083ab952f1c389c64ad1714f567cde"
        }
      ],
      "codegenVersion": "0.0.1"
    },
    {
      "projectId": "qDNA17RfdgsM73kkELPPxa",
      "version": "latest",
      "dependencies": {
        "caTPwKxj5ZrD9LQ7DMdK4Z": "3.4.0",
        "enk3K4vZ6pmH6kVCoZJXGn": "4.3.0",
        "58GpZjZCWTaJ8AUhpCwt2K": "3.3.0",
        "56iVbBJXbx9hFxysoAGHJC": "6.0.0",
        "28Ba3BDvRe7EiWdfFNnLB6": "2.6.0",
        "szjgMQpPpxhmkjnaBvZQJG": "2.3.0"
      },
      "lang": "ts",
      "fileLocks": [
        {
          "type": "globalVariant",
          "assetId": "3KhhFf1CQ1QFOS",
          "checksum": "3890776fca9326337c62e8e799468db4"
        },
        {
          "type": "renderModule",
          "assetId": "PGLmNK8F9ob8KH",
          "checksum": "534980d9aa43765382a00c3094d91923"
        },
        {
          "type": "cssRules",
          "assetId": "PGLmNK8F9ob8KH",
          "checksum": "534980d9aa43765382a00c3094d91923"
        },
        {
          "type": "renderModule",
          "assetId": "gCP9N_nn5MCbJS",
          "checksum": "b61d006082f2c8a82724219763ae301f"
        },
        {
          "type": "cssRules",
          "assetId": "gCP9N_nn5MCbJS",
          "checksum": "b61d006082f2c8a82724219763ae301f"
        },
        {
          "type": "renderModule",
          "assetId": "48OR7NBtqAcun7",
          "checksum": "06b8d11cc5472716ba700c34fe9222b0"
        },
        {
          "type": "cssRules",
          "assetId": "48OR7NBtqAcun7",
          "checksum": "06b8d11cc5472716ba700c34fe9222b0"
        },
        {
          "type": "renderModule",
          "assetId": "8J_TITQjji4-M9",
          "checksum": "2a477d158edd4969b5a5d26960600882"
        },
        {
          "type": "cssRules",
          "assetId": "8J_TITQjji4-M9",
          "checksum": "2a477d158edd4969b5a5d26960600882"
        },
        {
          "type": "renderModule",
          "assetId": "1VSJl1M4qMed7Q",
          "checksum": "db5db5c8710376881320d8e508859f20"
        },
        {
          "type": "cssRules",
          "assetId": "1VSJl1M4qMed7Q",
          "checksum": "db5db5c8710376881320d8e508859f20"
        },
        {
          "type": "renderModule",
          "assetId": "kB0nxxEQSAGjiC",
          "checksum": "cbd8a0bed38c0099387c4e0bf0b16ba7"
        },
        {
          "type": "cssRules",
          "assetId": "kB0nxxEQSAGjiC",
          "checksum": "cbd8a0bed38c0099387c4e0bf0b16ba7"
        },
        {
          "type": "renderModule",
          "assetId": "IC0peUQeOrc-TC",
          "checksum": "7948672c208ab7b1ab1152d99671f5cd"
        },
        {
          "type": "cssRules",
          "assetId": "IC0peUQeOrc-TC",
          "checksum": "7948672c208ab7b1ab1152d99671f5cd"
        },
        {
          "type": "renderModule",
          "assetId": "h8iasHjPSdhGL5",
          "checksum": "60884ea3d3eca0cf988ca3ca72630820"
        },
        {
          "type": "cssRules",
          "assetId": "h8iasHjPSdhGL5",
          "checksum": "60884ea3d3eca0cf988ca3ca72630820"
        },
        {
          "type": "renderModule",
          "assetId": "polj06cVBtzpxl",
          "checksum": "59c6ae4e698b5aa18038fb2e25e701ed"
        },
        {
          "type": "cssRules",
          "assetId": "polj06cVBtzpxl",
          "checksum": "59c6ae4e698b5aa18038fb2e25e701ed"
        },
        {
          "type": "renderModule",
          "assetId": "s3E0QheUTMLIRg",
          "checksum": "650d70040453ca055e90e6f2d4b33cd8"
        },
        {
          "type": "cssRules",
          "assetId": "s3E0QheUTMLIRg",
          "checksum": "650d70040453ca055e90e6f2d4b33cd8"
        },
        {
          "type": "renderModule",
          "assetId": "7I48dDLBiI4vYE",
          "checksum": "84db86205c3f6dd9c841db2b5de8641c"
        },
        {
          "type": "cssRules",
          "assetId": "7I48dDLBiI4vYE",
          "checksum": "84db86205c3f6dd9c841db2b5de8641c"
        },
        {
          "type": "renderModule",
          "assetId": "AuERE4DOLn",
          "checksum": "5bd776c3f98a1db163a41d9701fc2d41"
        },
        {
          "type": "cssRules",
          "assetId": "AuERE4DOLn",
          "checksum": "5bd776c3f98a1db163a41d9701fc2d41"
        },
        {
          "type": "renderModule",
          "assetId": "1s7g74uB-Ej",
          "checksum": "cf6b21f14fe5928f2ed9402bdae8a4f4"
        },
        {
          "type": "cssRules",
          "assetId": "1s7g74uB-Ej",
          "checksum": "cf6b21f14fe5928f2ed9402bdae8a4f4"
        },
        {
          "type": "renderModule",
          "assetId": "Xh2O--6vZNn",
          "checksum": "6c8042dce899dd7be245d294691e9fc8"
        },
        {
          "type": "cssRules",
          "assetId": "Xh2O--6vZNn",
          "checksum": "6c8042dce899dd7be245d294691e9fc8"
        },
        {
          "type": "renderModule",
          "assetId": "NiW2fD3OqY-",
          "checksum": "6554c5134f3312cfecd3e552579c04c2"
        },
        {
          "type": "cssRules",
          "assetId": "NiW2fD3OqY-",
          "checksum": "6554c5134f3312cfecd3e552579c04c2"
        },
        {
          "type": "renderModule",
          "assetId": "BsdlwyCaZe",
          "checksum": "44d74af71c903ee9219e22940544b36c"
        },
        {
          "type": "cssRules",
          "assetId": "BsdlwyCaZe",
          "checksum": "44d74af71c903ee9219e22940544b36c"
        },
        {
          "type": "renderModule",
          "assetId": "BydexUicCD",
          "checksum": "b948253e85a050a82adae078a5d9897f"
        },
        {
          "type": "cssRules",
          "assetId": "BydexUicCD",
          "checksum": "b948253e85a050a82adae078a5d9897f"
        },
        {
          "type": "renderModule",
          "assetId": "Erbgmri1tY",
          "checksum": "8ec98b225561ca5a4376ab492e45383f"
        },
        {
          "type": "cssRules",
          "assetId": "Erbgmri1tY",
          "checksum": "8ec98b225561ca5a4376ab492e45383f"
        },
        {
          "type": "renderModule",
          "assetId": "hU9Uon0D8O",
          "checksum": "2814a10bba7e017acf89fc5c5d119cd5"
        },
        {
          "type": "cssRules",
          "assetId": "hU9Uon0D8O",
          "checksum": "2814a10bba7e017acf89fc5c5d119cd5"
        },
        {
          "type": "renderModule",
          "assetId": "vB_xXPTP5-",
          "checksum": "a373f17a2d7e4de7b6c6df5dde557b86"
        },
        {
          "type": "cssRules",
          "assetId": "vB_xXPTP5-",
          "checksum": "a373f17a2d7e4de7b6c6df5dde557b86"
        },
        {
          "type": "renderModule",
          "assetId": "z9E_OoSoFq",
          "checksum": "765ddde6571a6a722ad03b7b61f1bc76"
        },
        {
          "type": "cssRules",
          "assetId": "z9E_OoSoFq",
          "checksum": "765ddde6571a6a722ad03b7b61f1bc76"
        },
        {
          "type": "icon",
          "assetId": "fXUwwdElPSPysi",
          "checksum": "908c9e0733d9664d7b91c260cc97bf95"
        },
        {
          "type": "icon",
          "assetId": "kNW2Ty5JNJfXSU",
          "checksum": "034780fa29813c3dcc20dff215d6406a"
        },
        {
          "type": "icon",
          "assetId": "FfSoXEgUCW0G_l",
          "checksum": "b55b675ce702d807474452a311f0e65f"
        },
        {
          "type": "icon",
          "assetId": "1suhOo6OaWXJAK",
          "checksum": "ec56339bc3fe8085cff0e6be04d12be4"
        },
        {
          "type": "icon",
          "assetId": "r_TPt86vHV4SXb",
          "checksum": "f17d0617df9ecc3d24d35400e791cda4"
        },
        {
          "type": "icon",
          "assetId": "GzyI_M5ipReRTC",
          "checksum": "df717f72d78bd6a2456cabc1627bfcb3"
        },
        {
          "type": "icon",
          "assetId": "MsE1fZcL1_",
          "checksum": "c78c090ae0f9364894c72e3c932c13ef"
        },
        {
          "type": "icon",
          "assetId": "JfzJrHKPBw",
          "checksum": "13e48d4c26555974e8501d548a295711"
        },
        {
          "type": "icon",
          "assetId": "MLDQSm8Gny",
          "checksum": "a20a623a49c6144d351da33bf59a0b12"
        },
        {
          "type": "icon",
          "assetId": "V02xllXpr",
          "checksum": "97b0b3a7d18be4c8adcfdac68b99c913"
        },
        {
          "type": "icon",
          "assetId": "J1YAUdPI6",
          "checksum": "c17a9d13b6c2e2695adc75db4632d1e9"
        },
        {
          "type": "icon",
          "assetId": "3iSPR8gr_8",
          "checksum": "d24d6f2bf93f2e73a8e59f41fe26caae"
        },
        {
          "type": "icon",
          "assetId": "VcNk7skQWd",
          "checksum": "d785f376d1b72ea7a4744c358a546401"
        },
        {
          "type": "icon",
          "assetId": "xchrs1LLb",
          "checksum": "52f11800448d598d4c66d6d3f3751a2c"
        },
        {
          "type": "icon",
          "assetId": "cNxJEz4gEG",
          "checksum": "638f14f16e532465c5c07ab5abcc9c6a"
        },
        {
          "type": "icon",
          "assetId": "ScoFh1W5NL",
          "checksum": "d758d1f71facbee9c7a368ba7a34aa30"
        },
        {
          "type": "icon",
          "assetId": "z0Ji84AyCw",
          "checksum": "f3ca5841a151ca0e47c7925e2eff0ba1"
        },
        {
          "type": "icon",
          "assetId": "ZsRymmi19",
          "checksum": "adefc0c31666ba032f26a25c550d64bc"
        },
        {
          "type": "icon",
          "assetId": "RQ7qx5lk9P",
          "checksum": "ace419d42cbb1bd9d4930ecaaa26eec2"
        },
        {
          "type": "icon",
          "assetId": "4PP-eruZ4G",
          "checksum": "c603a5519ae324b8c198b86da04af74c"
        },
        {
          "type": "icon",
          "assetId": "PK0IXvxdsy",
          "checksum": "d40341b0c53d2c2063c0cec96521de83"
        },
        {
          "type": "icon",
          "assetId": "gfa7vuOMuc",
          "checksum": "6f4b802f95de1681d8c3bed3dc24d93a"
        },
        {
          "type": "icon",
          "assetId": "kuMSi66yKA",
          "checksum": "7a0011f63ae5576f765b2fd96a9a2679"
        },
        {
          "type": "icon",
          "assetId": "KRTK6f0Lc0",
          "checksum": "573c11c15a83723db0ccb921cd15eac4"
        },
        {
          "type": "icon",
          "assetId": "nx8ckd2R4tXE",
          "checksum": "647699a288521c822c452c17bb735a72"
        },
        {
          "type": "icon",
          "assetId": "Ao0rL4yuRk",
          "checksum": "6299e35fd9733c371899a9dd749ff6b4"
        },
        {
          "type": "icon",
          "assetId": "a57nlcnGcc1",
          "checksum": "439aedb9c59a05b19056d64a5ebcf82d"
        },
        {
          "type": "icon",
          "assetId": "QSADMo3A4py",
          "checksum": "13c541023cb5ed9d200fe42dde05c76b"
        },
        {
          "type": "icon",
          "assetId": "Nbxg3P1sYdI",
          "checksum": "bb6066e4f271fe408f9724720bf500ef"
        },
        {
          "type": "icon",
          "assetId": "G0gVa4P3RCe",
          "checksum": "ec161e9e84d210833fd504058ff3ed0f"
        },
        {
          "type": "icon",
          "assetId": "-WJYhjhia2s",
          "checksum": "192510505c8af88041d5108e56547ceb"
        },
        {
          "type": "icon",
          "assetId": "e_3BxinR04L",
          "checksum": "8fb092102ca2af54dcb54d734f6665ed"
        },
        {
          "type": "icon",
          "assetId": "ayIp6O9tOJQ",
          "checksum": "91fbd6e4278d2bf66bd9a91afc2d5ac6"
        },
        {
          "type": "icon",
          "assetId": "lWIETX_XOf6",
          "checksum": "642b5b074912adf0d81dde67404e90ca"
        },
        {
          "type": "icon",
          "assetId": "t2kf_i5mgih",
          "checksum": "1c968783a3befb160ace0ef5cfaaf854"
        },
        {
          "type": "icon",
          "assetId": "hrsQFXn81XO",
          "checksum": "3d878bdf76a87a9095c43af5b8a26502"
        },
        {
          "type": "icon",
          "assetId": "TOK4jfjA47X",
          "checksum": "c084c86031a64e3e257eb0e4c3ff748c"
        },
        {
          "type": "icon",
          "assetId": "HI8kCTRAPz4",
          "checksum": "9940f6a2d0a7cdfecdb7e564bc083e7f"
        },
        {
          "type": "icon",
          "assetId": "lcso0-dPRIT",
          "checksum": "22d7798831c7fe494c4be2a1cd2eafae"
        },
        {
          "type": "icon",
          "assetId": "k_TyP1uMXoc",
          "checksum": "ccf4584d88f4e03e411a6d2297530c12"
        },
        {
          "type": "icon",
          "assetId": "nDIxjuYVS9u",
          "checksum": "e5b0bbe787f5c891f52363ac321ca342"
        },
        {
          "type": "icon",
          "assetId": "5UQu4Go2_ij",
          "checksum": "4b8e3d036a8a3e8fceb785c505d736e2"
        },
        {
          "type": "icon",
          "assetId": "P-eclqbIDue",
          "checksum": "23e294709c7d88ff0761d14db0f818cb"
        },
        {
          "type": "icon",
          "assetId": "ovvXSUEOQ7F",
          "checksum": "ad5fbae8c809ae1a4370b865dffe5052"
        },
        {
          "type": "icon",
          "assetId": "5N3BbG4cMPG",
          "checksum": "6d85b68fa0a0a74ebed81feff5288cd5"
        },
        {
          "type": "icon",
          "assetId": "u39EuoZkTJh",
          "checksum": "0869009d87debb2ac805c9d785205f22"
        },
        {
          "type": "icon",
          "assetId": "m9GiJrtRAEp",
          "checksum": "3a23ea9159db886c61bc15ad8b1c1b41"
        },
        {
          "type": "icon",
          "assetId": "vfRdhdBrQqM",
          "checksum": "41e722fa3ede8aec4da18501eb431870"
        },
        {
          "type": "icon",
          "assetId": "4DYNvf5twVc",
          "checksum": "45d9ed17981daa6d61b5d9df1777b941"
        },
        {
          "type": "icon",
          "assetId": "291-dxBd40X",
          "checksum": "a6c68767ad521cb9ae2cb76828ea3877"
        },
        {
          "type": "icon",
          "assetId": "lUdpLegCl2N",
          "checksum": "027927e2218ba656d7ad3d019f504783"
        },
        {
          "type": "icon",
          "assetId": "vMkBI4MUA-2",
          "checksum": "a349b951e70620a9f7f1d114a7f52e62"
        },
        {
          "type": "icon",
          "assetId": "bai7eb7o_5S",
          "checksum": "b42227b239a2cb38f1de3b2f6f32dccd"
        },
        {
          "type": "icon",
          "assetId": "yCmf9-eXwCj",
          "checksum": "bab9aa9c4f8eb6c3e8315ec4bcf9a167"
        },
        {
          "type": "icon",
          "assetId": "np3EH9HCalS",
          "checksum": "d07f80828d209bd6d0fe12b62c3f3879"
        },
        {
          "type": "icon",
          "assetId": "Tndj-kqR3rA",
          "checksum": "f0a6d6f205862a357755ea7e59990c7e"
        },
        {
          "type": "icon",
          "assetId": "dy9SgrOBV9c",
          "checksum": "8289e298ebf37e8270cbc19b34d677ec"
        },
        {
          "type": "icon",
          "assetId": "DUZQOlRswui",
          "checksum": "3f81ddfcdfcb9f8f757e427d7de79ea8"
        },
        {
          "type": "icon",
          "assetId": "SKenn6fribE",
          "checksum": "6e8617b41b90e4b7580b44d64dd50d1a"
        },
        {
          "type": "icon",
          "assetId": "rdJdUA46Ow0",
          "checksum": "ac53ab32ce2e24b1a093b11fc62cae64"
        },
        {
          "type": "icon",
          "assetId": "5dv-MveZY6d",
          "checksum": "9e2143f00fd0d09d0aa09160b51bc6fc"
        },
        {
          "type": "icon",
          "assetId": "rl8zEdd7Exj",
          "checksum": "37433f4853f6c806f4acc74ce980d4fb"
        },
        {
          "type": "icon",
          "assetId": "dkL-bi4k1_1",
          "checksum": "103e3eb3156c472c5b7dd2dd7be78bb5"
        },
        {
          "type": "icon",
          "assetId": "TK8Yqkl3Qjd",
          "checksum": "9d8f912a37044fb7563b468cf180f789"
        },
        {
          "type": "icon",
          "assetId": "3mppTWAYoAy",
          "checksum": "ef3f996bbe48945ea1876942f0f78863"
        },
        {
          "type": "icon",
          "assetId": "ZF386DAvCW1",
          "checksum": "0bc65d7ac8d92be72e129a217616caea"
        },
        {
          "type": "icon",
          "assetId": "WiQhgJhw1H2",
          "checksum": "a32c9eeaf15b19b3b1217339d5eee410"
        },
        {
          "type": "icon",
          "assetId": "qFrP_VQXvOy",
          "checksum": "a2d432eac97d97511a4f6d547fb66478"
        },
        {
          "type": "icon",
          "assetId": "6rRMUKNndD4",
          "checksum": "516983121798cacf0f59f15e6b1f936a"
        },
        {
          "type": "icon",
          "assetId": "hZSTquHf1c4",
          "checksum": "224b03d0281a70e511c97a6361d41f19"
        },
        {
          "type": "icon",
          "assetId": "cQgDVz4bySG",
          "checksum": "da7fa7f48a6e907901625ec6575babc7"
        },
        {
          "type": "icon",
          "assetId": "w1YLhLD36C1",
          "checksum": "1be10bef6c28906b0bcd83fb6d16e1ac"
        },
        {
          "type": "icon",
          "assetId": "ZStRztpOadR",
          "checksum": "ec2aa91750e491386fd187f31bc5a5bc"
        },
        {
          "type": "icon",
          "assetId": "4Wh_u5wF1F3",
          "checksum": "8d539b2791c5605c416e1243eaf7af00"
        },
        {
          "type": "icon",
          "assetId": "iqdL1rlYFQF",
          "checksum": "6a009e1fd8d749c56270657825bd3508"
        },
        {
          "type": "icon",
          "assetId": "JqnY_IqsnyX",
          "checksum": "2a8879f8a7d07b41b1b819f93b8829fe"
        },
        {
          "type": "icon",
          "assetId": "zfenJ_vl_T5",
          "checksum": "9450b10bc0eb50543c3a19eb506a16c3"
        },
        {
          "type": "icon",
          "assetId": "kRVI5BH1jaz",
          "checksum": "ae45ea424b2e1430990d4ea2e3262bc5"
        },
        {
          "type": "icon",
          "assetId": "schTLGv_aI7",
          "checksum": "466f959a3d9af139538a385de2e0bd3e"
        },
        {
          "type": "icon",
          "assetId": "k21fDNkMiQZ",
          "checksum": "eb70610ffe4254ab849800af123d456e"
        },
        {
          "type": "icon",
          "assetId": "PsCQWUpfwWJ",
          "checksum": "ae02f2847a891a8203e78fe54744885a"
        },
        {
          "type": "icon",
          "assetId": "f4LCUgzuN1V",
          "checksum": "35c994519c028d920aef7eea7f24a6ba"
        },
        {
          "type": "icon",
          "assetId": "jeLRtMSZ1o3",
          "checksum": "83db1a4f338fc91b239e2c3c15a3154b"
        },
        {
          "type": "icon",
          "assetId": "5qB_i1VMZ8P",
          "checksum": "52d1a6df171cc3aead5e1261dc4ed907"
        },
        {
          "type": "icon",
          "assetId": "0AeYMYSUjUM",
          "checksum": "381669117ea1792fb5dfddbec2609123"
        },
        {
          "type": "icon",
          "assetId": "pFoKnPCWZCg",
          "checksum": "3bc45b5d92d62f7c2cff3745b8ad841e"
        },
        {
          "type": "icon",
          "assetId": "WXfv1VsY9I3",
          "checksum": "b22e7d4a3d29aa3bb7a625ffd2659a7b"
        },
        {
          "type": "icon",
          "assetId": "hlzs56d9LCN",
          "checksum": "c955f1c787b1bb953f019f2e6f1fa9d5"
        },
        {
          "type": "icon",
          "assetId": "oWBFB8paPTE",
          "checksum": "8ab92523a383f8974b9b757e0d49c581"
        },
        {
          "type": "icon",
          "assetId": "qCXPl09GbpV",
          "checksum": "eea7a08840051584f28e9827458368ec"
        },
        {
          "type": "icon",
          "assetId": "J8neaKWvVHc",
          "checksum": "8fde8b74514a630419b415c6ec901e15"
        },
        {
          "type": "icon",
          "assetId": "ZIGopSivYeQ",
          "checksum": "b1ac20b2c5cfcddea8f1b3740bc22a03"
        },
        {
          "type": "icon",
          "assetId": "_li5UmR3EHI",
          "checksum": "93f3cf00def542d0ec7e83a3225e7af1"
        },
        {
          "type": "icon",
          "assetId": "0aX0bdmSzNx",
          "checksum": "b051e6985a0f2f37f41405a0246bf0ee"
        },
        {
          "type": "icon",
          "assetId": "KN1g5LXUG",
          "checksum": "f97fae151d1f8e4e61d5827fa7134f9f"
        },
        {
          "type": "icon",
          "assetId": "e7GgmjrOGT",
          "checksum": "8e7e87055097ded63727eab31282ac5d"
        },
        {
          "type": "icon",
          "assetId": "1KE4JPl4A8",
          "checksum": "a1c6af0eb92a58ba7236bcf3436fb9b8"
        },
        {
          "type": "icon",
          "assetId": "9D2b_uWVGA",
          "checksum": "1fb22a8ed30616c3833cebb63d2539c0"
        },
        {
          "type": "icon",
          "assetId": "8gOKlW3G9D",
          "checksum": "d2c1ac15da19f5c2b8aecc5a4cf6224d"
        },
        {
          "type": "icon",
          "assetId": "bJDNy1ealf",
          "checksum": "e3c746f4d4c5b8ac959b3ce692a143e4"
        },
        {
          "type": "icon",
          "assetId": "0eUqFKVCbB",
          "checksum": "ec73f01cafd78c9b5e58b76630d2e8ad"
        },
        {
          "type": "icon",
          "assetId": "DMOvItYxqx",
          "checksum": "5942cee2cca8c80d967b8193ae0741d5"
        },
        {
          "type": "icon",
          "assetId": "ot1NzoMel1",
          "checksum": "b5aab780abb21210673226d8b53b06f9"
        },
        {
          "type": "icon",
          "assetId": "w4L_NSDxsX",
          "checksum": "95b0e68c638e33951f7e20367d26564b"
        },
        {
          "type": "icon",
          "assetId": "2iBZsGs4KF",
          "checksum": "790fa876403358c4c61913dbb571bee1"
        },
        {
          "type": "icon",
          "assetId": "hwrqWcNu0",
          "checksum": "0a5f4237fff2c082d5f594ee071d9476"
        },
        {
          "type": "icon",
          "assetId": "GuzYVTPwfz",
          "checksum": "f9afae71617f2f76ffdf6307a43aae9c"
        },
        {
          "type": "icon",
          "assetId": "jvTcjjoy6l",
          "checksum": "5fc2c560c7d52c196552965a937c6ffb"
        },
        {
          "type": "icon",
          "assetId": "MI4L7wd1up",
          "checksum": "271f95e08070460455ea5a57f1882b57"
        },
        {
          "type": "icon",
          "assetId": "oniAQRJiOR",
          "checksum": "717242894bd05b8b66d21304d938b0da"
        },
        {
          "type": "icon",
          "assetId": "LcQUNQGhls",
          "checksum": "11070ff28c08b2688acf9475d29bdd8a"
        },
        {
          "type": "icon",
          "assetId": "fdrba3jzmB",
          "checksum": "7d7d1facc027855cd7f7073dc6ba0408"
        },
        {
          "type": "icon",
          "assetId": "icQLjg-8Zy",
          "checksum": "bfd995c0686f2fd34de643b73d20a771"
        },
        {
          "type": "icon",
          "assetId": "NWX4ZwoBxj",
          "checksum": "ac2b641d96ede8062d60cfe72f891dda"
        },
        {
          "type": "icon",
          "assetId": "aOaPmAzV3E",
          "checksum": "a6eba8affe547015e1d8471b5522cf8e"
        },
        {
          "type": "icon",
          "assetId": "rZqnz2TPLr",
          "checksum": "12bd52f9fe234680fbf28b59618ba2e8"
        },
        {
          "type": "icon",
          "assetId": "CPUa3iJHbg",
          "checksum": "07179fb292a5b71d792540ff834d9a71"
        },
        {
          "type": "icon",
          "assetId": "L3sOXztzUd",
          "checksum": "5f6c256b49a396cb25554b9cbb122bd4"
        },
        {
          "type": "image",
          "assetId": "9z5DNRkiT",
          "checksum": "034a8c9d75c74d5fab7e9189ca62a6b5"
        },
        {
          "type": "image",
          "assetId": "KaByfjjNpK",
          "checksum": "4413d429fa542f26018f14931b1bd956"
        },
        {
          "type": "image",
          "assetId": "aBpm_HJ0y",
          "checksum": "476b148d33edfe33ab6f579f4dc8b089"
        },
        {
          "type": "image",
          "assetId": "BlL9SwZcr",
          "checksum": "56a954e8c15ce2febe860421ff898a48"
        },
        {
          "type": "image",
          "assetId": "1J4i_3Cs3",
          "checksum": "546600117497ec3a79f56b8b9ea814a5"
        },
        {
          "type": "image",
          "assetId": "HsgQx8hyC",
          "checksum": "fe68ece8d268027171d82846e6f8c10a"
        },
        {
          "type": "image",
          "assetId": "d9KaZQ1lZ",
          "checksum": "4c7335c59887894c9e62808586313ddc"
        },
        {
          "type": "image",
          "assetId": "hy9Un0QqX",
          "checksum": "633b7bf595577cdd52d13f33027a85a0"
        },
        {
          "type": "image",
          "assetId": "WA1UMCYLX",
          "checksum": "57560a88bcf28c9540e148d894728f66"
        },
        {
          "type": "image",
          "assetId": "1ZuDkmFFl",
          "checksum": "2f4cc9a31c68749ef5e8c0d5c651e077"
        },
        {
          "type": "image",
          "assetId": "l-BoqRhsf",
          "checksum": "5c7dabfbc6bc8bdc2706b0710ddd908b"
        },
        {
          "type": "image",
          "assetId": "vngPEbHT9",
          "checksum": "dad831ee9e954bd04a65d3b1d66cdac6"
        },
        {
          "type": "image",
          "assetId": "WqCNqk5AN",
          "checksum": "de9230bac9db425e975fada70c2b07f8"
        },
        {
          "type": "image",
          "assetId": "pIvCUrYx-K",
          "checksum": "156013e2b6958f775efe6fe4a0fe55aa"
        },
        {
          "type": "image",
          "assetId": "obYsIsLNbb",
          "checksum": "0e8b0dd11fe18b6e5ff707ece49a2128"
        },
        {
          "type": "image",
          "assetId": "pKZgTDaeMd",
          "checksum": "d0770f351c4fb9af9988553a936486cc"
        },
        {
          "type": "image",
          "assetId": "kuT64Uk8a",
          "checksum": "d559ae15dd2c981563bcc9b9b68ba0a1"
        },
        {
          "type": "image",
          "assetId": "VFxAeWGTy8",
          "checksum": "3be1d48545bcc5c9defffa34a434accf"
        },
        {
          "type": "image",
          "assetId": "NW7QcpGCZW",
          "checksum": "6fb8886f52fd82a99911e2a49f85b093"
        },
        {
          "type": "image",
          "assetId": "Jco9eGey8",
          "checksum": "bcc1c477f58a439e28e97efe3a3b7da5"
        },
        {
          "type": "icon",
          "assetId": "ZAy48aevCI",
          "checksum": "30b90756ea501b5c7c1e12c5c467686f"
        },
        {
          "assetId": "qDNA17RfdgsM73kkELPPxa",
          "type": "projectCss",
          "checksum": "ff00047cbd6c6a5c1d12a18539d18745"
        }
      ],
      "codegenVersion": "0.0.1"
    }
  ],
  "cliVersion": "0.1.186"
}
